
Microsoft Visual Studio Solution File, Format Version 11.00
# Visual Studio 2010
Project("{FAE04EC0-301F-11D3-BF4B-00C04F79EFBC}") = "Assembly-CSharp", "Assembly-CSharp.csproj", "{FDDA9CA2-184F-D32F-8AF0-86C56FEB52F8}"
EndProject
Project("{FAE04EC0-301F-11D3-BF4B-00C04F79EFBC}") = "Assembly-CSharp-firstpass", "Assembly-CSharp-firstpass.csproj", "{BBE88375-F1A5-4198-0AF8-C2350C6B6526}"
EndProject
Project("{FAE04EC0-301F-11D3-BF4B-00C04F79EFBC}") = "Assembly-CSharp-Editor-firstpass", "Assembly-CSharp-Editor-firstpass.csproj", "{58EF0D20-F467-36F2-E9CA-18EF3196160F}"
EndProject
Global
	GlobalSection(SolutionConfigurationPlatforms) = preSolution
		Debug|Any CPU = Debug|Any CPU
		Release|Any CPU = Release|Any CPU
	EndGlobalSection
	GlobalSection(ProjectConfigurationPlatforms) = postSolution
		{FDDA9CA2-184F-D32F-8AF0-86C56FEB52F8}.Debug|Any CPU.ActiveCfg = Debug|Any CPU
		{FDDA9CA2-184F-D32F-8AF0-86C56FEB52F8}.Debug|Any CPU.Build.0 = Debug|Any CPU
		{FDDA9CA2-184F-D32F-8AF0-86C56FEB52F8}.Release|Any CPU.ActiveCfg = Release|Any CPU
		{FDDA9CA2-184F-D32F-8AF0-86C56FEB52F8}.Release|Any CPU.Build.0 = Release|Any CPU
		{BBE88375-F1A5-4198-0AF8-C2350C6B6526}.Debug|Any CPU.ActiveCfg = Debug|Any CPU
		{BBE88375-F1A5-4198-0AF8-C2350C6B6526}.Debug|Any CPU.Build.0 = Debug|Any CPU
		{BBE88375-F1A5-4198-0AF8-C2350C6B6526}.Release|Any CPU.ActiveCfg = Release|Any CPU
		{BBE88375-F1A5-4198-0AF8-C2350C6B6526}.Release|Any CPU.Build.0 = Release|Any CPU
		{58EF0D20-F467-36F2-E9CA-18EF3196160F}.Debug|Any CPU.ActiveCfg = Debug|Any CPU
		{58EF0D20-F467-36F2-E9CA-18EF3196160F}.Debug|Any CPU.Build.0 = Debug|Any CPU
		{58EF0D20-F467-36F2-E9CA-18EF3196160F}.Release|Any CPU.ActiveCfg = Release|Any CPU
		{58EF0D20-F467-36F2-E9CA-18EF3196160F}.Release|Any CPU.Build.0 = Release|Any CPU
	EndGlobalSection
	GlobalSection(SolutionProperties) = preSolution
		HideSolutionNode = FALSE
	EndGlobalSection
	GlobalSection(MonoDevelopProperties) = preSolution
		StartupItem = Assembly-CSharp.csproj
	EndGlobalSection
EndGlobal
